
Microsoft Visual Studio Solution File, Format Version 12.00
# Visual Studio Version 16
VisualStudioVersion = 16.0.30204.135
MinimumVisualStudioVersion = 10.0.40219.1
Project("{FAE04EC0-301F-11D3-BF4B-00C04F79EFBC}") = "TELEMETRY", "TELEMETRY\TELEMETRY.csproj", "{5F026C27-F8E6-4052-B231-8451C6A73838}"
EndProject
Global
	GlobalSection(SolutionConfigurationPlatforms) = preSolution
		Debug|Any CPU = Debug|Any CPU
		Debug|x64 = Debug|x64
		Release|Any CPU = Release|Any CPU
		Release|x64 = Release|x64
	EndGlobalSection
	GlobalSection(ProjectConfigurationPlatforms) = postSolution
		{5F026C27-F8E6-4052-B231-8451C6A73838}.Debug|Any CPU.ActiveCfg = Debug|Any CPU
		{5F026C27-F8E6-4052-B231-8451C6A73838}.Debug|Any CPU.Build.0 = Debug|Any CPU
		{5F026C27-F8E6-4052-B231-8451C6A73838}.Debug|x64.ActiveCfg = Debug|Any CPU
		{5F026C27-F8E6-4052-B231-8451C6A73838}.Debug|x64.Build.0 = Debug|Any CPU
		{5F026C27-F8E6-4052-B231-8451C6A73838}.Release|Any CPU.ActiveCfg = Release|Any CPU
		{5F026C27-F8E6-4052-B231-8451C6A73838}.Release|Any CPU.Build.0 = Release|Any CPU
		{5F026C27-F8E6-4052-B231-8451C6A73838}.Release|x64.ActiveCfg = Release|Any CPU
		{5F026C27-F8E6-4052-B231-8451C6A73838}.Release|x64.Build.0 = Release|Any CPU
	EndGlobalSection
	GlobalSection(SolutionProperties) = preSolution
		HideSolutionNode = FALSE
	EndGlobalSection
	GlobalSection(ExtensibilityGlobals) = postSolution
		SolutionGuid = {DD61B202-CFCA-4F9F-AD3D-5ABB661ED190}
	EndGlobalSection
EndGlobal
